
Microsoft Visual Studio Solution File, Format Version 12.00
# Visual Studio Version 16
VisualStudioVersion = 16.0.30002.166
MinimumVisualStudioVersion = 10.0.40219.1
Project("{FAE04EC0-301F-11D3-BF4B-00C04F79EFBC}") = "凹嗚凹嗚", "凹嗚凹嗚\凹嗚凹嗚.csproj", "{D3DB7FF4-968C-4E47-A812-EDFA2962DBEB}"
EndProject
Global
	GlobalSection(SolutionConfigurationPlatforms) = preSolution
		Debug|Any CPU = Debug|Any CPU
		Release|Any CPU = Release|Any CPU
	EndGlobalSection
	GlobalSection(ProjectConfigurationPlatforms) = postSolution
		{D3DB7FF4-968C-4E47-A812-EDFA2962DBEB}.Debug|Any CPU.ActiveCfg = Debug|Any CPU
		{D3DB7FF4-968C-4E47-A812-EDFA2962DBEB}.Debug|Any CPU.Build.0 = Debug|Any CPU
		{D3DB7FF4-968C-4E47-A812-EDFA2962DBEB}.Release|Any CPU.ActiveCfg = Release|Any CPU
		{D3DB7FF4-968C-4E47-A812-EDFA2962DBEB}.Release|Any CPU.Build.0 = Release|Any CPU
	EndGlobalSection
	GlobalSection(SolutionProperties) = preSolution
		HideSolutionNode = FALSE
	EndGlobalSection
	GlobalSection(ExtensibilityGlobals) = postSolution
		SolutionGuid = {20289B83-7469-4ABE-B776-045C6D9105AF}
	EndGlobalSection
EndGlobal
